
Microsoft Visual Studio Solution File, Format Version 12.00
# Visual Studio Version 17
VisualStudioVersion = 17.6.33829.357
MinimumVisualStudioVersion = 10.0.40219.1
Project("{FAE04EC0-301F-11D3-BF4B-00C04F79EFBC}") = "asm2", "asm2.csproj", "{4387B7A2-9A37-4585-A246-273CE0D2B899}"
EndProject
Project("{FAE04EC0-301F-11D3-BF4B-00C04F79EFBC}") = "Geometry_Example", "..\Geometry_Example\Geometry_Example.csproj", "{F9281E84-2C25-447D-B08A-469B1B1FAD16}"
EndProject
Global
	GlobalSection(SolutionConfigurationPlatforms) = preSolution
		Debug|Any CPU = Debug|Any CPU
		Release|Any CPU = Release|Any CPU
	EndGlobalSection
	GlobalSection(ProjectConfigurationPlatforms) = postSolution
		{4387B7A2-9A37-4585-A246-273CE0D2B899}.Debug|Any CPU.ActiveCfg = Debug|Any CPU
		{4387B7A2-9A37-4585-A246-273CE0D2B899}.Debug|Any CPU.Build.0 = Debug|Any CPU
		{4387B7A2-9A37-4585-A246-273CE0D2B899}.Release|Any CPU.ActiveCfg = Release|Any CPU
		{4387B7A2-9A37-4585-A246-273CE0D2B899}.Release|Any CPU.Build.0 = Release|Any CPU
		{F9281E84-2C25-447D-B08A-469B1B1FAD16}.Debug|Any CPU.ActiveCfg = Debug|Any CPU
		{F9281E84-2C25-447D-B08A-469B1B1FAD16}.Debug|Any CPU.Build.0 = Debug|Any CPU
		{F9281E84-2C25-447D-B08A-469B1B1FAD16}.Release|Any CPU.ActiveCfg = Release|Any CPU
		{F9281E84-2C25-447D-B08A-469B1B1FAD16}.Release|Any CPU.Build.0 = Release|Any CPU
	EndGlobalSection
	GlobalSection(SolutionProperties) = preSolution
		HideSolutionNode = FALSE
	EndGlobalSection
	GlobalSection(ExtensibilityGlobals) = postSolution
		SolutionGuid = {FC85C8CE-C6E5-4AA0-B4EA-F57A969C69CB}
	EndGlobalSection
EndGlobal
